
Microsoft Visual Studio Solution File, Format Version 12.00
# Visual Studio Version 17
VisualStudioVersion = 17.14.37027.9
MinimumVisualStudioVersion = 10.0.40219.1
Project("{FAE04EC0-301F-11D3-BF4B-00C04F79EFBC}") = "SpaceSniffer", "SpaceSniffer\SpaceSniffer.csproj", "{5A9EBD82-CF45-4E62-A249-A7A647571102}"
EndProject
Global
	GlobalSection(SolutionConfigurationPlatforms) = preSolution
		Debug|Any CPU = Debug|Any CPU
		Release|Any CPU = Release|Any CPU
	EndGlobalSection
	GlobalSection(ProjectConfigurationPlatforms) = postSolution
		{5A9EBD82-CF45-4E62-A249-A7A647571102}.Debug|Any CPU.ActiveCfg = Debug|Any CPU
		{5A9EBD82-CF45-4E62-A249-A7A647571102}.Debug|Any CPU.Build.0 = Debug|Any CPU
		{5A9EBD82-CF45-4E62-A249-A7A647571102}.Release|Any CPU.ActiveCfg = Release|Any CPU
		{5A9EBD82-CF45-4E62-A249-A7A647571102}.Release|Any CPU.Build.0 = Release|Any CPU
	EndGlobalSection
	GlobalSection(SolutionProperties) = preSolution
		HideSolutionNode = FALSE
	EndGlobalSection
	GlobalSection(ExtensibilityGlobals) = postSolution
		SolutionGuid = {F7E999CF-9ED0-4E09-A9E4-2C5D59D03561}
	EndGlobalSection
EndGlobal
